// !$*UTF8*$!
{
	archiveVersion = 1;
	classes = {
	};
	objectVersion = 56;
	objects = {

/* Begin PBXBuildFile section */
		4209CEE92928E23C00423B35 /* KingfisherWrapper+SetImage.swift in Sources */ = {isa = PBXBuildFile; fileRef = 4209CEE82928E23C00423B35 /* KingfisherWrapper+SetImage.swift */; };
		4215110395737F0FEC392EE1 /* Pods_PhonePeTest_PhonePeTestUITests.framework in Frameworks */ = {isa = PBXBuildFile; fileRef = 612DFC30311195D494E5880A /* Pods_PhonePeTest_PhonePeTestUITests.framework */; };
		4229B9422928831300505EDA /* AppDelegate.swift in Sources */ = {isa = PBXBuildFile; fileRef = 4229B9412928831300505EDA /* AppDelegate.swift */; };
		4229B9442928831300505EDA /* SceneDelegate.swift in Sources */ = {isa = PBXBuildFile; fileRef = 4229B9432928831300505EDA /* SceneDelegate.swift */; };
		4229B9462928831300505EDA /* MovieListViewController.swift in Sources */ = {isa = PBXBuildFile; fileRef = 4229B9452928831300505EDA /* MovieListViewController.swift */; };
		4229B9492928831300505EDA /* Main.storyboard in Resources */ = {isa = PBXBuildFile; fileRef = 4229B9472928831300505EDA /* Main.storyboard */; };
		4229B94B2928831700505EDA /* Assets.xcassets in Resources */ = {isa = PBXBuildFile; fileRef = 4229B94A2928831700505EDA /* Assets.xcassets */; };
		4229B94E2928831700505EDA /* LaunchScreen.storyboard in Resources */ = {isa = PBXBuildFile; fileRef = 4229B94C2928831700505EDA /* LaunchScreen.storyboard */; };
		4229B9592928831700505EDA /* PhonePeTestTests.swift in Sources */ = {isa = PBXBuildFile; fileRef = 4229B9582928831700505EDA /* PhonePeTestTests.swift */; };
		4229B9632928831700505EDA /* PhonePeTestUITests.swift in Sources */ = {isa = PBXBuildFile; fileRef = 4229B9622928831700505EDA /* PhonePeTestUITests.swift */; };
		4229B9652928831700505EDA /* PhonePeTestUITestsLaunchTests.swift in Sources */ = {isa = PBXBuildFile; fileRef = 4229B9642928831700505EDA /* PhonePeTestUITestsLaunchTests.swift */; };
		4229B9742928D46700505EDA /* MovieListViewModel.swift in Sources */ = {isa = PBXBuildFile; fileRef = 4229B9732928D46700505EDA /* MovieListViewModel.swift */; };
		4229B9782928D4DE00505EDA /* APIRequest.swift in Sources */ = {isa = PBXBuildFile; fileRef = 4229B9772928D4DE00505EDA /* APIRequest.swift */; };
		4229B97A2928D50400505EDA /* MovieListAPIRequest.swift in Sources */ = {isa = PBXBuildFile; fileRef = 4229B9792928D50400505EDA /* MovieListAPIRequest.swift */; };
		4229B97D2928D5BB00505EDA /* MovieListRequestModels.swift in Sources */ = {isa = PBXBuildFile; fileRef = 4229B97C2928D5BB00505EDA /* MovieListRequestModels.swift */; };
		4229B9802928D6D900505EDA /* APIOperation.swift in Sources */ = {isa = PBXBuildFile; fileRef = 4229B97F2928D6D900505EDA /* APIOperation.swift */; };
		4229B9822928D6F200505EDA /* APIBaseOperation.swift in Sources */ = {isa = PBXBuildFile; fileRef = 4229B9812928D6F200505EDA /* APIBaseOperation.swift */; };
		4229B9852928D73B00505EDA /* APIOperationSession.swift in Sources */ = {isa = PBXBuildFile; fileRef = 4229B9842928D73B00505EDA /* APIOperationSession.swift */; };
		4229B9872928D76F00505EDA /* URLSession+APIOperationSession.swift in Sources */ = {isa = PBXBuildFile; fileRef = 4229B9862928D76F00505EDA /* URLSession+APIOperationSession.swift */; };
		4229B98A2928DCE000505EDA /* movie-list.json in Resources */ = {isa = PBXBuildFile; fileRef = 4229B9892928DCE000505EDA /* movie-list.json */; };
		4229B98C2928DCF200505EDA /* MockOperationSession.swift in Sources */ = {isa = PBXBuildFile; fileRef = 4229B98B2928DCF200505EDA /* MockOperationSession.swift */; };
		4229B9912928DE1D00505EDA /* MovieListTableViewCell.swift in Sources */ = {isa = PBXBuildFile; fileRef = 4229B98F2928DE1D00505EDA /* MovieListTableViewCell.swift */; };
		4229B9922928DE1D00505EDA /* MovieListTableViewCell.xib in Resources */ = {isa = PBXBuildFile; fileRef = 4229B9902928DE1D00505EDA /* MovieListTableViewCell.xib */; };
		4229B9952928E01200505EDA /* ReusableView.swift in Sources */ = {isa = PBXBuildFile; fileRef = 4229B9942928E01200505EDA /* ReusableView.swift */; };
		4229B9982928E06100505EDA /* MovieListCellDataModel.swift in Sources */ = {isa = PBXBuildFile; fileRef = 4229B9972928E06100505EDA /* MovieListCellDataModel.swift */; };
		8528ACA3C0EFCED8FE0C03F3 /* Pods_PhonePeTestTests.framework in Frameworks */ = {isa = PBXBuildFile; fileRef = A700A6E9BDEA3346C1C63850 /* Pods_PhonePeTestTests.framework */; };
		D6E493B155A998BDBA5B6BA4 /* Pods_PhonePeTest.framework in Frameworks */ = {isa = PBXBuildFile; fileRef = FEEC1214A3388B02034FDCF2 /* Pods_PhonePeTest.framework */; };
/* End PBXBuildFile section */

/* Begin PBXContainerItemProxy section */
		4229B9552928831700505EDA /* PBXContainerItemProxy */ = {
			isa = PBXContainerItemProxy;
			containerPortal = 4229B9362928831300505EDA /* Project object */;
			proxyType = 1;
			remoteGlobalIDString = 4229B93D2928831300505EDA;
			remoteInfo = PhonePeTest;
		};
		4229B95F2928831700505EDA /* PBXContainerItemProxy */ = {
			isa = PBXContainerItemProxy;
			containerPortal = 4229B9362928831300505EDA /* Project object */;
			proxyType = 1;
			remoteGlobalIDString = 4229B93D2928831300505EDA;
			remoteInfo = PhonePeTest;
		};
/* End PBXContainerItemProxy section */

/* Begin PBXFileReference section */
		2FEE69976FDB47833FB9B0A4 /* Pods-PhonePeTest.debug.xcconfig */ = {isa = PBXFileReference; includeInIndex = 1; lastKnownFileType = text.xcconfig; name = "Pods-PhonePeTest.debug.xcconfig"; path = "Target Support Files/Pods-PhonePeTest/Pods-PhonePeTest.debug.xcconfig"; sourceTree = "<group>"; };
		3E749ADD572CE5AF2F395649 /* Pods-PhonePeTestTests.release.xcconfig */ = {isa = PBXFileReference; includeInIndex = 1; lastKnownFileType = text.xcconfig; name = "Pods-PhonePeTestTests.release.xcconfig"; path = "Target Support Files/Pods-PhonePeTestTests/Pods-PhonePeTestTests.release.xcconfig"; sourceTree = "<group>"; };
		4209CEE82928E23C00423B35 /* KingfisherWrapper+SetImage.swift */ = {isa = PBXFileReference; lastKnownFileType = sourcecode.swift; path = "KingfisherWrapper+SetImage.swift"; sourceTree = "<group>"; };
		4229B93E2928831300505EDA /* PhonePeTest.app */ = {isa = PBXFileReference; explicitFileType = wrapper.application; includeInIndex = 0; path = PhonePeTest.app; sourceTree = BUILT_PRODUCTS_DIR; };
		4229B9412928831300505EDA /* AppDelegate.swift */ = {isa = PBXFileReference; lastKnownFileType = sourcecode.swift; path = AppDelegate.swift; sourceTree = "<group>"; };
		4229B9432928831300505EDA /* SceneDelegate.swift */ = {isa = PBXFileReference; lastKnownFileType = sourcecode.swift; path = SceneDelegate.swift; sourceTree = "<group>"; };
		4229B9452928831300505EDA /* MovieListViewController.swift */ = {isa = PBXFileReference; lastKnownFileType = sourcecode.swift; path = MovieListViewController.swift; sourceTree = "<group>"; };
		4229B9482928831300505EDA /* Base */ = {isa = PBXFileReference; lastKnownFileType = file.storyboard; name = Base; path = Base.lproj/Main.storyboard; sourceTree = "<group>"; };
		4229B94A2928831700505EDA /* Assets.xcassets */ = {isa = PBXFileReference; lastKnownFileType = folder.assetcatalog; path = Assets.xcassets; sourceTree = "<group>"; };
		4229B94D2928831700505EDA /* Base */ = {isa = PBXFileReference; lastKnownFileType = file.storyboard; name = Base; path = Base.lproj/LaunchScreen.storyboard; sourceTree = "<group>"; };
		4229B94F2928831700505EDA /* Info.plist */ = {isa = PBXFileReference; lastKnownFileType = text.plist.xml; path = Info.plist; sourceTree = "<group>"; };
		4229B9542928831700505EDA /* PhonePeTestTests.xctest */ = {isa = PBXFileReference; explicitFileType = wrapper.cfbundle; includeInIndex = 0; path = PhonePeTestTests.xctest; sourceTree = BUILT_PRODUCTS_DIR; };
		4229B9582928831700505EDA /* PhonePeTestTests.swift */ = {isa = PBXFileReference; lastKnownFileType = sourcecode.swift; path = PhonePeTestTests.swift; sourceTree = "<group>"; };
		4229B95E2928831700505EDA /* PhonePeTestUITests.xctest */ = {isa = PBXFileReference; explicitFileType = wrapper.cfbundle; includeInIndex = 0; path = PhonePeTestUITests.xctest; sourceTree = BUILT_PRODUCTS_DIR; };
		4229B9622928831700505EDA /* PhonePeTestUITests.swift */ = {isa = PBXFileReference; lastKnownFileType = sourcecode.swift; path = PhonePeTestUITests.swift; sourceTree = "<group>"; };
		4229B9642928831700505EDA /* PhonePeTestUITestsLaunchTests.swift */ = {isa = PBXFileReference; lastKnownFileType = sourcecode.swift; path = PhonePeTestUITestsLaunchTests.swift; sourceTree = "<group>"; };
		4229B9732928D46700505EDA /* MovieListViewModel.swift */ = {isa = PBXFileReference; lastKnownFileType = sourcecode.swift; path = MovieListViewModel.swift; sourceTree = "<group>"; };
		4229B9772928D4DE00505EDA /* APIRequest.swift */ = {isa = PBXFileReference; lastKnownFileType = sourcecode.swift; path = APIRequest.swift; sourceTree = "<group>"; };
		4229B9792928D50400505EDA /* MovieListAPIRequest.swift */ = {isa = PBXFileReference; lastKnownFileType = sourcecode.swift; path = MovieListAPIRequest.swift; sourceTree = "<group>"; };
		4229B97C2928D5BB00505EDA /* MovieListRequestModels.swift */ = {isa = PBXFileReference; lastKnownFileType = sourcecode.swift; path = MovieListRequestModels.swift; sourceTree = "<group>"; };
		4229B97F2928D6D900505EDA /* APIOperation.swift */ = {isa = PBXFileReference; lastKnownFileType = sourcecode.swift; path = APIOperation.swift; sourceTree = "<group>"; };
		4229B9812928D6F200505EDA /* APIBaseOperation.swift */ = {isa = PBXFileReference; lastKnownFileType = sourcecode.swift; path = APIBaseOperation.swift; sourceTree = "<group>"; };
		4229B9842928D73B00505EDA /* APIOperationSession.swift */ = {isa = PBXFileReference; lastKnownFileType = sourcecode.swift; path = APIOperationSession.swift; sourceTree = "<group>"; };
		4229B9862928D76F00505EDA /* URLSession+APIOperationSession.swift */ = {isa = PBXFileReference; lastKnownFileType = sourcecode.swift; path = "URLSession+APIOperationSession.swift"; sourceTree = "<group>"; };
		4229B9892928DCE000505EDA /* movie-list.json */ = {isa = PBXFileReference; fileEncoding = 4; lastKnownFileType = text.json; path = "movie-list.json"; sourceTree = "<group>"; };
		4229B98B2928DCF200505EDA /* MockOperationSession.swift */ = {isa = PBXFileReference; lastKnownFileType = sourcecode.swift; path = MockOperationSession.swift; sourceTree = "<group>"; };
		4229B98F2928DE1D00505EDA /* MovieListTableViewCell.swift */ = {isa = PBXFileReference; lastKnownFileType = sourcecode.swift; path = MovieListTableViewCell.swift; sourceTree = "<group>"; };
		4229B9902928DE1D00505EDA /* MovieListTableViewCell.xib */ = {isa = PBXFileReference; lastKnownFileType = file.xib; path = MovieListTableViewCell.xib; sourceTree = "<group>"; };
		4229B9942928E01200505EDA /* ReusableView.swift */ = {isa = PBXFileReference; lastKnownFileType = sourcecode.swift; path = ReusableView.swift; sourceTree = "<group>"; };
		4229B9972928E06100505EDA /* MovieListCellDataModel.swift */ = {isa = PBXFileReference; lastKnownFileType = sourcecode.swift; path = MovieListCellDataModel.swift; sourceTree = "<group>"; };
		612DFC30311195D494E5880A /* Pods_PhonePeTest_PhonePeTestUITests.framework */ = {isa = PBXFileReference; explicitFileType = wrapper.framework; includeInIndex = 0; path = Pods_PhonePeTest_PhonePeTestUITests.framework; sourceTree = BUILT_PRODUCTS_DIR; };
		715EE487E8D40B278267CB59 /* Pods-PhonePeTestTests.debug.xcconfig */ = {isa = PBXFileReference; includeInIndex = 1; lastKnownFileType = text.xcconfig; name = "Pods-PhonePeTestTests.debug.xcconfig"; path = "Target Support Files/Pods-PhonePeTestTests/Pods-PhonePeTestTests.debug.xcconfig"; sourceTree = "<group>"; };
		7A500D0AB79CA4F43C6339E1 /* Pods-PhonePeTest-PhonePeTestUITests.debug.xcconfig */ = {isa = PBXFileReference; includeInIndex = 1; lastKnownFileType = text.xcconfig; name = "Pods-PhonePeTest-PhonePeTestUITests.debug.xcconfig"; path = "Target Support Files/Pods-PhonePeTest-PhonePeTestUITests/Pods-PhonePeTest-PhonePeTestUITests.debug.xcconfig"; sourceTree = "<group>"; };
		8BE3DC303B3DD138C6CB9E9B /* Pods-PhonePeTest.release.xcconfig */ = {isa = PBXFileReference; includeInIndex = 1; lastKnownFileType = text.xcconfig; name = "Pods-PhonePeTest.release.xcconfig"; path = "Target Support Files/Pods-PhonePeTest/Pods-PhonePeTest.release.xcconfig"; sourceTree = "<group>"; };
		A31C499A68E57C47550EBC19 /* Pods-PhonePeTest-PhonePeTestUITests.release.xcconfig */ = {isa = PBXFileReference; includeInIndex = 1; lastKnownFileType = text.xcconfig; name = "Pods-PhonePeTest-PhonePeTestUITests.release.xcconfig"; path = "Target Support Files/Pods-PhonePeTest-PhonePeTestUITests/Pods-PhonePeTest-PhonePeTestUITests.release.xcconfig"; sourceTree = "<group>"; };
		A700A6E9BDEA3346C1C63850 /* Pods_PhonePeTestTests.framework */ = {isa = PBXFileReference; explicitFileType = wrapper.framework; includeInIndex = 0; path = Pods_PhonePeTestTests.framework; sourceTree = BUILT_PRODUCTS_DIR; };
		FEEC1214A3388B02034FDCF2 /* Pods_PhonePeTest.framework */ = {isa = PBXFileReference; explicitFileType = wrapper.framework; includeInIndex = 0; path = Pods_PhonePeTest.framework; sourceTree = BUILT_PRODUCTS_DIR; };
/* End PBXFileReference section */

/* Begin PBXFrameworksBuildPhase section */
		4229B93B2928831300505EDA /* Frameworks */ = {
			isa = PBXFrameworksBuildPhase;
			buildActionMask = 2147483647;
			files = (
				D6E493B155A998BDBA5B6BA4 /* Pods_PhonePeTest.framework in Frameworks */,
			);
			runOnlyForDeploymentPostprocessing = 0;
		};
		4229B9512928831700505EDA /* Frameworks */ = {
			isa = PBXFrameworksBuildPhase;
			buildActionMask = 2147483647;
			files = (
				8528ACA3C0EFCED8FE0C03F3 /* Pods_PhonePeTestTests.framework in Frameworks */,
			);
			runOnlyForDeploymentPostprocessing = 0;
		};
		4229B95B2928831700505EDA /* Frameworks */ = {
			isa = PBXFrameworksBuildPhase;
			buildActionMask = 2147483647;
			files = (
				4215110395737F0FEC392EE1 /* Pods_PhonePeTest_PhonePeTestUITests.framework in Frameworks */,
			);
			runOnlyForDeploymentPostprocessing = 0;
		};
/* End PBXFrameworksBuildPhase section */

/* Begin PBXGroup section */
		304B495CF3E1AD9C3EF8BB7A /* Pods */ = {
			isa = PBXGroup;
			children = (
				2FEE69976FDB47833FB9B0A4 /* Pods-PhonePeTest.debug.xcconfig */,
				8BE3DC303B3DD138C6CB9E9B /* Pods-PhonePeTest.release.xcconfig */,
				7A500D0AB79CA4F43C6339E1 /* Pods-PhonePeTest-PhonePeTestUITests.debug.xcconfig */,
				A31C499A68E57C47550EBC19 /* Pods-PhonePeTest-PhonePeTestUITests.release.xcconfig */,
				715EE487E8D40B278267CB59 /* Pods-PhonePeTestTests.debug.xcconfig */,
				3E749ADD572CE5AF2F395649 /* Pods-PhonePeTestTests.release.xcconfig */,
			);
			path = Pods;
			sourceTree = "<group>";
		};
		4229B9352928831300505EDA = {
			isa = PBXGroup;
			children = (
				4229B9402928831300505EDA /* PhonePeTest */,
				4229B9572928831700505EDA /* PhonePeTestTests */,
				4229B9612928831700505EDA /* PhonePeTestUITests */,
				4229B93F2928831300505EDA /* Products */,
				304B495CF3E1AD9C3EF8BB7A /* Pods */,
				BC28D9DB660D951B80A34F81 /* Frameworks */,
			);
			sourceTree = "<group>";
		};
		4229B93F2928831300505EDA /* Products */ = {
			isa = PBXGroup;
			children = (
				4229B93E2928831300505EDA /* PhonePeTest.app */,
				4229B9542928831700505EDA /* PhonePeTestTests.xctest */,
				4229B95E2928831700505EDA /* PhonePeTestUITests.xctest */,
			);
			name = Products;
			sourceTree = "<group>";
		};
		4229B9402928831300505EDA /* PhonePeTest */ = {
			isa = PBXGroup;
			children = (
				4229B9962928E04800505EDA /* DataModels */,
				4229B9932928DFF500505EDA /* Utils */,
				4229B98D2928DDF000505EDA /* Views */,
				4229B9882928DCCC00505EDA /* Resources */,
				4229B9752928D49B00505EDA /* Network */,
				4229B9722928D45800505EDA /* ViewModels */,
				4229B9712928D44900505EDA /* ViewControllers */,
				4229B9412928831300505EDA /* AppDelegate.swift */,
				4229B9432928831300505EDA /* SceneDelegate.swift */,
				4229B9472928831300505EDA /* Main.storyboard */,
				4229B94A2928831700505EDA /* Assets.xcassets */,
				4229B94C2928831700505EDA /* LaunchScreen.storyboard */,
				4229B94F2928831700505EDA /* Info.plist */,
			);
			path = PhonePeTest;
			sourceTree = "<group>";
		};
		4229B9572928831700505EDA /* PhonePeTestTests */ = {
			isa = PBXGroup;
			children = (
				4229B9582928831700505EDA /* PhonePeTestTests.swift */,
			);
			path = PhonePeTestTests;
			sourceTree = "<group>";
		};
		4229B9612928831700505EDA /* PhonePeTestUITests */ = {
			isa = PBXGroup;
			children = (
				4229B9622928831700505EDA /* PhonePeTestUITests.swift */,
				4229B9642928831700505EDA /* PhonePeTestUITestsLaunchTests.swift */,
			);
			path = PhonePeTestUITests;
			sourceTree = "<group>";
		};
		4229B9712928D44900505EDA /* ViewControllers */ = {
			isa = PBXGroup;
			children = (
				4229B9452928831300505EDA /* MovieListViewController.swift */,
			);
			path = ViewControllers;
			sourceTree = "<group>";
		};
		4229B9722928D45800505EDA /* ViewModels */ = {
			isa = PBXGroup;
			children = (
				4229B9732928D46700505EDA /* MovieListViewModel.swift */,
			);
			path = ViewModels;
			sourceTree = "<group>";
		};
		4229B9752928D49B00505EDA /* Network */ = {
			isa = PBXGroup;
			children = (
				4229B9832928D72400505EDA /* APIOperationSessions */,
				4229B97E2928D6C500505EDA /* APIOperations */,
				4229B97B2928D5A300505EDA /* APIModels */,
				4229B9762928D4AA00505EDA /* APIRequests */,
			);
			path = Network;
			sourceTree = "<group>";
		};
		4229B9762928D4AA00505EDA /* APIRequests */ = {
			isa = PBXGroup;
			children = (
				4229B9772928D4DE00505EDA /* APIRequest.swift */,
				4229B9792928D50400505EDA /* MovieListAPIRequest.swift */,
			);
			path = APIRequests;
			sourceTree = "<group>";
		};
		4229B97B2928D5A300505EDA /* APIModels */ = {
			isa = PBXGroup;
			children = (
				4229B97C2928D5BB00505EDA /* MovieListRequestModels.swift */,
			);
			path = APIModels;
			sourceTree = "<group>";
		};
		4229B97E2928D6C500505EDA /* APIOperations */ = {
			isa = PBXGroup;
			children = (
				4229B97F2928D6D900505EDA /* APIOperation.swift */,
				4229B9812928D6F200505EDA /* APIBaseOperation.swift */,
			);
			path = APIOperations;
			sourceTree = "<group>";
		};
		4229B9832928D72400505EDA /* APIOperationSessions */ = {
			isa = PBXGroup;
			children = (
				4229B9842928D73B00505EDA /* APIOperationSession.swift */,
				4229B9862928D76F00505EDA /* URLSession+APIOperationSession.swift */,
				4229B98B2928DCF200505EDA /* MockOperationSession.swift */,
			);
			path = APIOperationSessions;
			sourceTree = "<group>";
		};
		4229B9882928DCCC00505EDA /* Resources */ = {
			isa = PBXGroup;
			children = (
				4229B9892928DCE000505EDA /* movie-list.json */,
			);
			path = Resources;
			sourceTree = "<group>";
		};
		4229B98D2928DDF000505EDA /* Views */ = {
			isa = PBXGroup;
			children = (
				4229B98E2928DDF600505EDA /* TableViewCells */,
			);
			path = Views;
			sourceTree = "<group>";
		};
		4229B98E2928DDF600505EDA /* TableViewCells */ = {
			isa = PBXGroup;
			children = (
				4229B98F2928DE1D00505EDA /* MovieListTableViewCell.swift */,
				4229B9902928DE1D00505EDA /* MovieListTableViewCell.xib */,
			);
			path = TableViewCells;
			sourceTree = "<group>";
		};
		4229B9932928DFF500505EDA /* Utils */ = {
			isa = PBXGroup;
			children = (
				4229B9942928E01200505EDA /* ReusableView.swift */,
				4209CEE82928E23C00423B35 /* KingfisherWrapper+SetImage.swift */,
			);
			path = Utils;
			sourceTree = "<group>";
		};
		4229B9962928E04800505EDA /* DataModels */ = {
			isa = PBXGroup;
			children = (
				4229B9972928E06100505EDA /* MovieListCellDataModel.swift */,
			);
			path = DataModels;
			sourceTree = "<group>";
		};
		BC28D9DB660D951B80A34F81 /* Frameworks */ = {
			isa = PBXGroup;
			children = (
				FEEC1214A3388B02034FDCF2 /* Pods_PhonePeTest.framework */,
				612DFC30311195D494E5880A /* Pods_PhonePeTest_PhonePeTestUITests.framework */,
				A700A6E9BDEA3346C1C63850 /* Pods_PhonePeTestTests.framework */,
			);
			name = Frameworks;
			sourceTree = "<group>";
		};
/* End PBXGroup section */

/* Begin PBXNativeTarget section */
		4229B93D2928831300505EDA /* PhonePeTest */ = {
			isa = PBXNativeTarget;
			buildConfigurationList = 4229B9682928831700505EDA /* Build configuration list for PBXNativeTarget "PhonePeTest" */;
			buildPhases = (
				CDC51ED45A7E7350FBC726A1 /* [CP] Check Pods Manifest.lock */,
				4229B93A2928831300505EDA /* Sources */,
				4229B93B2928831300505EDA /* Frameworks */,
				4229B93C2928831300505EDA /* Resources */,
				A662630832355F3565CBC22F /* [CP] Embed Pods Frameworks */,
			);
			buildRules = (
			);
			dependencies = (
			);
			name = PhonePeTest;
			productName = PhonePeTest;
			productReference = 4229B93E2928831300505EDA /* PhonePeTest.app */;
			productType = "com.apple.product-type.application";
		};
		4229B9532928831700505EDA /* PhonePeTestTests */ = {
			isa = PBXNativeTarget;
			buildConfigurationList = 4229B96B2928831700505EDA /* Build configuration list for PBXNativeTarget "PhonePeTestTests" */;
			buildPhases = (
				C437036529B8FA0494F81A9F /* [CP] Check Pods Manifest.lock */,
				4229B9502928831700505EDA /* Sources */,
				4229B9512928831700505EDA /* Frameworks */,
				4229B9522928831700505EDA /* Resources */,
			);
			buildRules = (
			);
			dependencies = (
				4229B9562928831700505EDA /* PBXTargetDependency */,
			);
			name = PhonePeTestTests;
			productName = PhonePeTestTests;
			productReference = 4229B9542928831700505EDA /* PhonePeTestTests.xctest */;
			productType = "com.apple.product-type.bundle.unit-test";
		};
		4229B95D2928831700505EDA /* PhonePeTestUITests */ = {
			isa = PBXNativeTarget;
			buildConfigurationList = 4229B96E2928831700505EDA /* Build configuration list for PBXNativeTarget "PhonePeTestUITests" */;
			buildPhases = (
				43B8C57C0C36F8E5FBC8469C /* [CP] Check Pods Manifest.lock */,
				4229B95A2928831700505EDA /* Sources */,
				4229B95B2928831700505EDA /* Frameworks */,
				4229B95C2928831700505EDA /* Resources */,
				DD8D1E510D4B90616B2DD818 /* [CP] Embed Pods Frameworks */,
			);
			buildRules = (
			);
			dependencies = (
				4229B9602928831700505EDA /* PBXTargetDependency */,
			);
			name = PhonePeTestUITests;
			productName = PhonePeTestUITests;
			productReference = 4229B95E2928831700505EDA /* PhonePeTestUITests.xctest */;
			productType = "com.apple.product-type.bundle.ui-testing";
		};
/* End PBXNativeTarget section */

/* Begin PBXProject section */
		4229B9362928831300505EDA /* Project object */ = {
			isa = PBXProject;
			attributes = {
				BuildIndependentTargetsInParallel = 1;
				LastSwiftUpdateCheck = 1400;
				LastUpgradeCheck = 1400;
				TargetAttributes = {
					4229B93D2928831300505EDA = {
						CreatedOnToolsVersion = 14.0.1;
					};
					4229B9532928831700505EDA = {
						CreatedOnToolsVersion = 14.0.1;
						TestTargetID = 4229B93D2928831300505EDA;
					};
					4229B95D2928831700505EDA = {
						CreatedOnToolsVersion = 14.0.1;
						TestTargetID = 4229B93D2928831300505EDA;
					};
				};
			};
			buildConfigurationList = 4229B9392928831300505EDA /* Build configuration list for PBXProject "PhonePeTest" */;
			compatibilityVersion = "Xcode 14.0";
			developmentRegion = en;
			hasScannedForEncodings = 0;
			knownRegions = (
				en,
				Base,
			);
			mainGroup = 4229B9352928831300505EDA;
			productRefGroup = 4229B93F2928831300505EDA /* Products */;
			projectDirPath = "";
			projectRoot = "";
			targets = (
				4229B93D2928831300505EDA /* PhonePeTest */,
				4229B9532928831700505EDA /* PhonePeTestTests */,
				4229B95D2928831700505EDA /* PhonePeTestUITests */,
			);
		};
/* End PBXProject section */

/* Begin PBXResourcesBuildPhase section */
		4229B93C2928831300505EDA /* Resources */ = {
			isa = PBXResourcesBuildPhase;
			buildActionMask = 2147483647;
			files = (
				4229B9922928DE1D00505EDA /* MovieListTableViewCell.xib in Resources */,
				4229B98A2928DCE000505EDA /* movie-list.json in Resources */,
				4229B94E2928831700505EDA /* LaunchScreen.storyboard in Resources */,
				4229B94B2928831700505EDA /* Assets.xcassets in Resources */,
				4229B9492928831300505EDA /* Main.storyboard in Resources */,
			);
			runOnlyForDeploymentPostprocessing = 0;
		};
		4229B9522928831700505EDA /* Resources */ = {
			isa = PBXResourcesBuildPhase;
			buildActionMask = 2147483647;
			files = (
			);
			runOnlyForDeploymentPostprocessing = 0;
		};
		4229B95C2928831700505EDA /* Resources */ = {
			isa = PBXResourcesBuildPhase;
			buildActionMask = 2147483647;
			files = (
			);
			runOnlyForDeploymentPostprocessing = 0;
		};
/* End PBXResourcesBuildPhase section */

/* Begin PBXShellScriptBuildPhase section */
		43B8C57C0C36F8E5FBC8469C /* [CP] Check Pods Manifest.lock */ = {
			isa = PBXShellScriptBuildPhase;
			buildActionMask = 2147483647;
			files = (
			);
			inputFileListPaths = (
			);
			inputPaths = (
				"${PODS_PODFILE_DIR_PATH}/Podfile.lock",
				"${PODS_ROOT}/Manifest.lock",
			);
			name = "[CP] Check Pods Manifest.lock";
			outputFileListPaths = (
			);
			outputPaths = (
				"$(DERIVED_FILE_DIR)/Pods-PhonePeTest-PhonePeTestUITests-checkManifestLockResult.txt",
			);
			runOnlyForDeploymentPostprocessing = 0;
			shellPath = /bin/sh;
			shellScript = "diff \"${PODS_PODFILE_DIR_PATH}/Podfile.lock\" \"${PODS_ROOT}/Manifest.lock\" > /dev/null\nif [ $? != 0 ] ; then\n    # print error to STDERR\n    echo \"error: The sandbox is not in sync with the Podfile.lock. Run 'pod install' or update your CocoaPods installation.\" >&2\n    exit 1\nfi\n# This output is used by Xcode 'outputs' to avoid re-running this script phase.\necho \"SUCCESS\" > \"${SCRIPT_OUTPUT_FILE_0}\"\n";
			showEnvVarsInLog = 0;
		};
		A662630832355F3565CBC22F /* [CP] Embed Pods Frameworks */ = {
			isa = PBXShellScriptBuildPhase;
			buildActionMask = 2147483647;
			files = (
			);
			inputFileListPaths = (
				"${PODS_ROOT}/Target Support Files/Pods-PhonePeTest/Pods-PhonePeTest-frameworks-${CONFIGURATION}-input-files.xcfilelist",
			);
			name = "[CP] Embed Pods Frameworks";
			outputFileListPaths = (
				"${PODS_ROOT}/Target Support Files/Pods-PhonePeTest/Pods-PhonePeTest-frameworks-${CONFIGURATION}-output-files.xcfilelist",
			);
			runOnlyForDeploymentPostprocessing = 0;
			shellPath = /bin/sh;
			shellScript = "\"${PODS_ROOT}/Target Support Files/Pods-PhonePeTest/Pods-PhonePeTest-frameworks.sh\"\n";
			showEnvVarsInLog = 0;
		};
		C437036529B8FA0494F81A9F /* [CP] Check Pods Manifest.lock */ = {
			isa = PBXShellScriptBuildPhase;
			buildActionMask = 2147483647;
			files = (
			);
			inputFileListPaths = (
			);
			inputPaths = (
				"${PODS_PODFILE_DIR_PATH}/Podfile.lock",
				"${PODS_ROOT}/Manifest.lock",
			);
			name = "[CP] Check Pods Manifest.lock";
			outputFileListPaths = (
			);
			outputPaths = (
				"$(DERIVED_FILE_DIR)/Pods-PhonePeTestTests-checkManifestLockResult.txt",
			);
			runOnlyForDeploymentPostprocessing = 0;
			shellPath = /bin/sh;
			shellScript = "diff \"${PODS_PODFILE_DIR_PATH}/Podfile.lock\" \"${PODS_ROOT}/Manifest.lock\" > /dev/null\nif [ $? != 0 ] ; then\n    # print error to STDERR\n    echo \"error: The sandbox is not in sync with the Podfile.lock. Run 'pod install' or update your CocoaPods installation.\" >&2\n    exit 1\nfi\n# This output is used by Xcode 'outputs' to avoid re-running this script phase.\necho \"SUCCESS\" > \"${SCRIPT_OUTPUT_FILE_0}\"\n";
			showEnvVarsInLog = 0;
		};
		CDC51ED45A7E7350FBC726A1 /* [CP] Check Pods Manifest.lock */ = {
			isa = PBXShellScriptBuildPhase;
			buildActionMask = 2147483647;
			files = (
			);
			inputFileListPaths = (
			);
			inputPaths = (
				"${PODS_PODFILE_DIR_PATH}/Podfile.lock",
				"${PODS_ROOT}/Manifest.lock",
			);
			name = "[CP] Check Pods Manifest.lock";
			outputFileListPaths = (
			);
			outputPaths = (
				"$(DERIVED_FILE_DIR)/Pods-PhonePeTest-checkManifestLockResult.txt",
			);
			runOnlyForDeploymentPostprocessing = 0;
			shellPath = /bin/sh;
			shellScript = "diff \"${PODS_PODFILE_DIR_PATH}/Podfile.lock\" \"${PODS_ROOT}/Manifest.lock\" > /dev/null\nif [ $? != 0 ] ; then\n    # print error to STDERR\n    echo \"error: The sandbox is not in sync with the Podfile.lock. Run 'pod install' or update your CocoaPods installation.\" >&2\n    exit 1\nfi\n# This output is used by Xcode 'outputs' to avoid re-running this script phase.\necho \"SUCCESS\" > \"${SCRIPT_OUTPUT_FILE_0}\"\n";
			showEnvVarsInLog = 0;
		};
		DD8D1E510D4B90616B2DD818 /* [CP] Embed Pods Frameworks */ = {
			isa = PBXShellScriptBuildPhase;
			buildActionMask = 2147483647;
			files = (
			);
			inputFileListPaths = (
				"${PODS_ROOT}/Target Support Files/Pods-PhonePeTest-PhonePeTestUITests/Pods-PhonePeTest-PhonePeTestUITests-frameworks-${CONFIGURATION}-input-files.xcfilelist",
			);
			name = "[CP] Embed Pods Frameworks";
			outputFileListPaths = (
				"${PODS_ROOT}/Target Support Files/Pods-PhonePeTest-PhonePeTestUITests/Pods-PhonePeTest-PhonePeTestUITests-frameworks-${CONFIGURATION}-output-files.xcfilelist",
			);
			runOnlyForDeploymentPostprocessing = 0;
			shellPath = /bin/sh;
			shellScript = "\"${PODS_ROOT}/Target Support Files/Pods-PhonePeTest-PhonePeTestUITests/Pods-PhonePeTest-PhonePeTestUITests-frameworks.sh\"\n";
			showEnvVarsInLog = 0;
		};
/* End PBXShellScriptBuildPhase section */

/* Begin PBXSourcesBuildPhase section */
		4229B93A2928831300505EDA /* Sources */ = {
			isa = PBXSourcesBuildPhase;
			buildActionMask = 2147483647;
			files = (
				4209CEE92928E23C00423B35 /* KingfisherWrapper+SetImage.swift in Sources */,
				4229B9872928D76F00505EDA /* URLSession+APIOperationSession.swift in Sources */,
				4229B9802928D6D900505EDA /* APIOperation.swift in Sources */,
				4229B9462928831300505EDA /* MovieListViewController.swift in Sources */,
				4229B9422928831300505EDA /* AppDelegate.swift in Sources */,
				4229B9852928D73B00505EDA /* APIOperationSession.swift in Sources */,
				4229B9952928E01200505EDA /* ReusableView.swift in Sources */,
				4229B9822928D6F200505EDA /* APIBaseOperation.swift in Sources */,
				4229B9982928E06100505EDA /* MovieListCellDataModel.swift in Sources */,
				4229B97D2928D5BB00505EDA /* MovieListRequestModels.swift in Sources */,
				4229B9442928831300505EDA /* SceneDelegate.swift in Sources */,
				4229B9912928DE1D00505EDA /* MovieListTableViewCell.swift in Sources */,
				4229B98C2928DCF200505EDA /* MockOperationSession.swift in Sources */,
				4229B9782928D4DE00505EDA /* APIRequest.swift in Sources */,
				4229B9742928D46700505EDA /* MovieListViewModel.swift in Sources */,
				4229B97A2928D50400505EDA /* MovieListAPIRequest.swift in Sources */,
			);
			runOnlyForDeploymentPostprocessing = 0;
		};
		4229B9502928831700505EDA /* Sources */ = {
			isa = PBXSourcesBuildPhase;
			buildActionMask = 2147483647;
			files = (
				4229B9592928831700505EDA /* PhonePeTestTests.swift in Sources */,
			);
			runOnlyForDeploymentPostprocessing = 0;
		};
		4229B95A2928831700505EDA /* Sources */ = {
			isa = PBXSourcesBuildPhase;
			buildActionMask = 2147483647;
			files = (
				4229B9652928831700505EDA /* PhonePeTestUITestsLaunchTests.swift in Sources */,
				4229B9632928831700505EDA /* PhonePeTestUITests.swift in Sources */,
			);
			runOnlyForDeploymentPostprocessing = 0;
		};
/* End PBXSourcesBuildPhase section */

/* Begin PBXTargetDependency section */
		4229B9562928831700505EDA /* PBXTargetDependency */ = {
			isa = PBXTargetDependency;
			target = 4229B93D2928831300505EDA /* PhonePeTest */;
			targetProxy = 4229B9552928831700505EDA /* PBXContainerItemProxy */;
		};
		4229B9602928831700505EDA /* PBXTargetDependency */ = {
			isa = PBXTargetDependency;
			target = 4229B93D2928831300505EDA /* PhonePeTest */;
			targetProxy = 4229B95F2928831700505EDA /* PBXContainerItemProxy */;
		};
/* End PBXTargetDependency section */

/* Begin PBXVariantGroup section */
		4229B9472928831300505EDA /* Main.storyboard */ = {
			isa = PBXVariantGroup;
			children = (
				4229B9482928831300505EDA /* Base */,
			);
			name = Main.storyboard;
			sourceTree = "<group>";
		};
		4229B94C2928831700505EDA /* LaunchScreen.storyboard */ = {
			isa = PBXVariantGroup;
			children = (
				4229B94D2928831700505EDA /* Base */,
			);
			name = LaunchScreen.storyboard;
			sourceTree = "<group>";
		};
/* End PBXVariantGroup section */

/* Begin XCBuildConfiguration section */
		4229B9662928831700505EDA /* Debug */ = {
			isa = XCBuildConfiguration;
			buildSettings = {
				ALWAYS_SEARCH_USER_PATHS = NO;
				CLANG_ANALYZER_NONNULL = YES;
				CLANG_ANALYZER_NUMBER_OBJECT_CONVERSION = YES_AGGRESSIVE;
				CLANG_CXX_LANGUAGE_STANDARD = "gnu++20";
				CLANG_ENABLE_MODULES = YES;
				CLANG_ENABLE_OBJC_ARC = YES;
				CLANG_ENABLE_OBJC_WEAK = YES;
				CLANG_WARN_BLOCK_CAPTURE_AUTORELEASING = YES;
				CLANG_WARN_BOOL_CONVERSION = YES;
				CLANG_WARN_COMMA = YES;
				CLANG_WARN_CONSTANT_CONVERSION = YES;
				CLANG_WARN_DEPRECATED_OBJC_IMPLEMENTATIONS = YES;
				CLANG_WARN_DIRECT_OBJC_ISA_USAGE = YES_ERROR;
				CLANG_WARN_DOCUMENTATION_COMMENTS = YES;
				CLANG_WARN_EMPTY_BODY = YES;
				CLANG_WARN_ENUM_CONVERSION = YES;
				CLANG_WARN_INFINITE_RECURSION = YES;
				CLANG_WARN_INT_CONVERSION = YES;
				CLANG_WARN_NON_LITERAL_NULL_CONVERSION = YES;
				CLANG_WARN_OBJC_IMPLICIT_RETAIN_SELF = YES;
				CLANG_WARN_OBJC_LITERAL_CONVERSION = YES;
				CLANG_WARN_OBJC_ROOT_CLASS = YES_ERROR;
				CLANG_WARN_QUOTED_INCLUDE_IN_FRAMEWORK_HEADER = YES;
				CLANG_WARN_RANGE_LOOP_ANALYSIS = YES;
				CLANG_WARN_STRICT_PROTOTYPES = YES;
				CLANG_WARN_SUSPICIOUS_MOVE = YES;
				CLANG_WARN_UNGUARDED_AVAILABILITY = YES_AGGRESSIVE;
				CLANG_WARN_UNREACHABLE_CODE = YES;
				CLANG_WARN__DUPLICATE_METHOD_MATCH = YES;
				COPY_PHASE_STRIP = NO;
				DEBUG_INFORMATION_FORMAT = dwarf;
				ENABLE_STRICT_OBJC_MSGSEND = YES;
				ENABLE_TESTABILITY = YES;
				GCC_C_LANGUAGE_STANDARD = gnu11;
				GCC_DYNAMIC_NO_PIC = NO;
				GCC_NO_COMMON_BLOCKS = YES;
				GCC_OPTIMIZATION_LEVEL = 0;
				GCC_PREPROCESSOR_DEFINITIONS = (
					"DEBUG=1",
					"$(inherited)",
				);
				GCC_WARN_64_TO_32_BIT_CONVERSION = YES;
				GCC_WARN_ABOUT_RETURN_TYPE = YES_ERROR;
				GCC_WARN_UNDECLARED_SELECTOR = YES;
				GCC_WARN_UNINITIALIZED_AUTOS = YES_AGGRESSIVE;
				GCC_WARN_UNUSED_FUNCTION = YES;
				GCC_WARN_UNUSED_VARIABLE = YES;
				IPHONEOS_DEPLOYMENT_TARGET = 16.0;
				MTL_ENABLE_DEBUG_INFO = INCLUDE_SOURCE;
				MTL_FAST_MATH = YES;
				ONLY_ACTIVE_ARCH = YES;
				SDKROOT = iphoneos;
				SWIFT_ACTIVE_COMPILATION_CONDITIONS = DEBUG;
				SWIFT_OPTIMIZATION_LEVEL = "-Onone";
			};
			name = Debug;
		};
		4229B9672928831700505EDA /* Release */ = {
			isa = XCBuildConfiguration;
			buildSettings = {
				ALWAYS_SEARCH_USER_PATHS = NO;
				CLANG_ANALYZER_NONNULL = YES;
				CLANG_ANALYZER_NUMBER_OBJECT_CONVERSION = YES_AGGRESSIVE;
				CLANG_CXX_LANGUAGE_STANDARD = "gnu++20";
				CLANG_ENABLE_MODULES = YES;
				CLANG_ENABLE_OBJC_ARC = YES;
				CLANG_ENABLE_OBJC_WEAK = YES;
				CLANG_WARN_BLOCK_CAPTURE_AUTORELEASING = YES;
				CLANG_WARN_BOOL_CONVERSION = YES;
				CLANG_WARN_COMMA = YES;
				CLANG_WARN_CONSTANT_CONVERSION = YES;
				CLANG_WARN_DEPRECATED_OBJC_IMPLEMENTATIONS = YES;
				CLANG_WARN_DIRECT_OBJC_ISA_USAGE = YES_ERROR;
				CLANG_WARN_DOCUMENTATION_COMMENTS = YES;
				CLANG_WARN_EMPTY_BODY = YES;
				CLANG_WARN_ENUM_CONVERSION = YES;
				CLANG_WARN_INFINITE_RECURSION = YES;
				CLANG_WARN_INT_CONVERSION = YES;
				CLANG_WARN_NON_LITERAL_NULL_CONVERSION = YES;
				CLANG_WARN_OBJC_IMPLICIT_RETAIN_SELF = YES;
				CLANG_WARN_OBJC_LITERAL_CONVERSION = YES;
				CLANG_WARN_OBJC_ROOT_CLASS = YES_ERROR;
				CLANG_WARN_QUOTED_INCLUDE_IN_FRAMEWORK_HEADER = YES;
				CLANG_WARN_RANGE_LOOP_ANALYSIS = YES;
				CLANG_WARN_STRICT_PROTOTYPES = YES;
				CLANG_WARN_SUSPICIOUS_MOVE = YES;
				CLANG_WARN_UNGUARDED_AVAILABILITY = YES_AGGRESSIVE;
				CLANG_WARN_UNREACHABLE_CODE = YES;
				CLANG_WARN__DUPLICATE_METHOD_MATCH = YES;
				COPY_PHASE_STRIP = NO;
				DEBUG_INFORMATION_FORMAT = "dwarf-with-dsym";
				ENABLE_NS_ASSERTIONS = NO;
				ENABLE_STRICT_OBJC_MSGSEND = YES;
				GCC_C_LANGUAGE_STANDARD = gnu11;
				GCC_NO_COMMON_BLOCKS = YES;
				GCC_WARN_64_TO_32_BIT_CONVERSION = YES;
				GCC_WARN_ABOUT_RETURN_TYPE = YES_ERROR;
				GCC_WARN_UNDECLARED_SELECTOR = YES;
				GCC_WARN_UNINITIALIZED_AUTOS = YES_AGGRESSIVE;
				GCC_WARN_UNUSED_FUNCTION = YES;
				GCC_WARN_UNUSED_VARIABLE = YES;
				IPHONEOS_DEPLOYMENT_TARGET = 16.0;
				MTL_ENABLE_DEBUG_INFO = NO;
				MTL_FAST_MATH = YES;
				SDKROOT = iphoneos;
				SWIFT_COMPILATION_MODE = wholemodule;
				SWIFT_OPTIMIZATION_LEVEL = "-O";
				VALIDATE_PRODUCT = YES;
			};
			name = Release;
		};
		4229B9692928831700505EDA /* Debug */ = {
			isa = XCBuildConfiguration;
			baseConfigurationReference = 2FEE69976FDB47833FB9B0A4 /* Pods-PhonePeTest.debug.xcconfig */;
			buildSettings = {
				ASSETCATALOG_COMPILER_APPICON_NAME = AppIcon;
				ASSETCATALOG_COMPILER_GLOBAL_ACCENT_COLOR_NAME = AccentColor;
				CODE_SIGN_STYLE = Automatic;
				CURRENT_PROJECT_VERSION = 1;
				DEVELOPMENT_TEAM = 6U2BZWCTRC;
				GENERATE_INFOPLIST_FILE = YES;
				INFOPLIST_FILE = PhonePeTest/Info.plist;
				INFOPLIST_KEY_UIApplicationSupportsIndirectInputEvents = YES;
				INFOPLIST_KEY_UILaunchStoryboardName = LaunchScreen;
				INFOPLIST_KEY_UIMainStoryboardFile = Main;
				INFOPLIST_KEY_UISupportedInterfaceOrientations = UIInterfaceOrientationPortrait;
				LD_RUNPATH_SEARCH_PATHS = (
					"$(inherited)",
					"@executable_path/Frameworks",
				);
				MARKETING_VERSION = 1.0;
				PRODUCT_BUNDLE_IDENTIFIER = com.kmohsin11.phonepe.PhonePeTest;
				PRODUCT_NAME = "$(TARGET_NAME)";
				SWIFT_EMIT_LOC_STRINGS = YES;
				SWIFT_VERSION = 5.0;
				TARGETED_DEVICE_FAMILY = "1,2";
			};
			name = Debug;
		};
		4229B96A2928831700505EDA /* Release */ = {
			isa = XCBuildConfiguration;
			baseConfigurationReference = 8BE3DC303B3DD138C6CB9E9B /* Pods-PhonePeTest.release.xcconfig */;
			buildSettings = {
				ASSETCATALOG_COMPILER_APPICON_NAME = AppIcon;
				ASSETCATALOG_COMPILER_GLOBAL_ACCENT_COLOR_NAME = AccentColor;
				CODE_SIGN_STYLE = Automatic;
				CURRENT_PROJECT_VERSION = 1;
				DEVELOPMENT_TEAM = 6U2BZWCTRC;
				GENERATE_INFOPLIST_FILE = YES;
				INFOPLIST_FILE = PhonePeTest/Info.plist;
				INFOPLIST_KEY_UIApplicationSupportsIndirectInputEvents = YES;
				INFOPLIST_KEY_UILaunchStoryboardName = LaunchScreen;
				INFOPLIST_KEY_UIMainStoryboardFile = Main;
				INFOPLIST_KEY_UISupportedInterfaceOrientations = UIInterfaceOrientationPortrait;
				LD_RUNPATH_SEARCH_PATHS = (
					"$(inherited)",
					"@executable_path/Frameworks",
				);
				MARKETING_VERSION = 1.0;
				PRODUCT_BUNDLE_IDENTIFIER = com.kmohsin11.phonepe.PhonePeTest;
				PRODUCT_NAME = "$(TARGET_NAME)";
				SWIFT_EMIT_LOC_STRINGS = YES;
				SWIFT_VERSION = 5.0;
				TARGETED_DEVICE_FAMILY = "1,2";
			};
			name = Release;
		};
		4229B96C2928831700505EDA /* Debug */ = {
			isa = XCBuildConfiguration;
			baseConfigurationReference = 715EE487E8D40B278267CB59 /* Pods-PhonePeTestTests.debug.xcconfig */;
			buildSettings = {
				ALWAYS_EMBED_SWIFT_STANDARD_LIBRARIES = YES;
				BUNDLE_LOADER = "$(TEST_HOST)";
				CODE_SIGN_STYLE = Automatic;
				CURRENT_PROJECT_VERSION = 1;
				DEVELOPMENT_TEAM = 6U2BZWCTRC;
				GENERATE_INFOPLIST_FILE = YES;
				IPHONEOS_DEPLOYMENT_TARGET = 16.0;
				MARKETING_VERSION = 1.0;
				PRODUCT_BUNDLE_IDENTIFIER = com.kmohsin11.phonepe.PhonePeTestTests;
				PRODUCT_NAME = "$(TARGET_NAME)";
				SWIFT_EMIT_LOC_STRINGS = NO;
				SWIFT_VERSION = 5.0;
				TARGETED_DEVICE_FAMILY = "1,2";
				TEST_HOST = "$(BUILT_PRODUCTS_DIR)/PhonePeTest.app/$(BUNDLE_EXECUTABLE_FOLDER_PATH)/PhonePeTest";
			};
			name = Debug;
		};
		4229B96D2928831700505EDA /* Release */ = {
			isa = XCBuildConfiguration;
			baseConfigurationReference = 3E749ADD572CE5AF2F395649 /* Pods-PhonePeTestTests.release.xcconfig */;
			buildSettings = {
				ALWAYS_EMBED_SWIFT_STANDARD_LIBRARIES = YES;
				BUNDLE_LOADER = "$(TEST_HOST)";
				CODE_SIGN_STYLE = Automatic;
				CURRENT_PROJECT_VERSION = 1;
				DEVELOPMENT_TEAM = 6U2BZWCTRC;
				GENERATE_INFOPLIST_FILE = YES;
				IPHONEOS_DEPLOYMENT_TARGET = 16.0;
				MARKETING_VERSION = 1.0;
				PRODUCT_BUNDLE_IDENTIFIER = com.kmohsin11.phonepe.PhonePeTestTests;
				PRODUCT_NAME = "$(TARGET_NAME)";
				SWIFT_EMIT_LOC_STRINGS = NO;
				SWIFT_VERSION = 5.0;
				TARGETED_DEVICE_FAMILY = "1,2";
				TEST_HOST = "$(BUILT_PRODUCTS_DIR)/PhonePeTest.app/$(BUNDLE_EXECUTABLE_FOLDER_PATH)/PhonePeTest";
			};
			name = Release;
		};
		4229B96F2928831700505EDA /* Debug */ = {
			isa = XCBuildConfiguration;
			baseConfigurationReference = 7A500D0AB79CA4F43C6339E1 /* Pods-PhonePeTest-PhonePeTestUITests.debug.xcconfig */;
			buildSettings = {
				ALWAYS_EMBED_SWIFT_STANDARD_LIBRARIES = YES;
				CODE_SIGN_STYLE = Automatic;
				CURRENT_PROJECT_VERSION = 1;
				DEVELOPMENT_TEAM = 6U2BZWCTRC;
				GENERATE_INFOPLIST_FILE = YES;
				MARKETING_VERSION = 1.0;
				PRODUCT_BUNDLE_IDENTIFIER = com.kmohsin11.phonepe.PhonePeTestUITests;
				PRODUCT_NAME = "$(TARGET_NAME)";
				SWIFT_EMIT_LOC_STRINGS = NO;
				SWIFT_VERSION = 5.0;
				TARGETED_DEVICE_FAMILY = "1,2";
				TEST_TARGET_NAME = PhonePeTest;
			};
			name = Debug;
		};
		4229B9702928831700505EDA /* Release */ = {
			isa = XCBuildConfiguration;
			baseConfigurationReference = A31C499A68E57C47550EBC19 /* Pods-PhonePeTest-PhonePeTestUITests.release.xcconfig */;
			buildSettings = {
				ALWAYS_EMBED_SWIFT_STANDARD_LIBRARIES = YES;
				CODE_SIGN_STYLE = Automatic;
				CURRENT_PROJECT_VERSION = 1;
				DEVELOPMENT_TEAM = 6U2BZWCTRC;
				GENERATE_INFOPLIST_FILE = YES;
				MARKETING_VERSION = 1.0;
				PRODUCT_BUNDLE_IDENTIFIER = com.kmohsin11.phonepe.PhonePeTestUITests;
				PRODUCT_NAME = "$(TARGET_NAME)";
				SWIFT_EMIT_LOC_STRINGS = NO;
				SWIFT_VERSION = 5.0;
				TARGETED_DEVICE_FAMILY = "1,2";
				TEST_TARGET_NAME = PhonePeTest;
			};
			name = Release;
		};
/* End XCBuildConfiguration section */

/* Begin XCConfigurationList section */
		4229B9392928831300505EDA /* Build configuration list for PBXProject "PhonePeTest" */ = {
			isa = XCConfigurationList;
			buildConfigurations = (
				4229B9662928831700505EDA /* Debug */,
				4229B9672928831700505EDA /* Release */,
			);
			defaultConfigurationIsVisible = 0;
			defaultConfigurationName = Release;
		};
		4229B9682928831700505EDA /* Build configuration list for PBXNativeTarget "PhonePeTest" */ = {
			isa = XCConfigurationList;
			buildConfigurations = (
				4229B9692928831700505EDA /* Debug */,
				4229B96A2928831700505EDA /* Release */,
			);
			defaultConfigurationIsVisible = 0;
			defaultConfigurationName = Release;
		};
		4229B96B2928831700505EDA /* Build configuration list for PBXNativeTarget "PhonePeTestTests" */ = {
			isa = XCConfigurationList;
			buildConfigurations = (
				4229B96C2928831700505EDA /* Debug */,
				4229B96D2928831700505EDA /* Release */,
			);
			defaultConfigurationIsVisible = 0;
			defaultConfigurationName = Release;
		};
		4229B96E2928831700505EDA /* Build configuration list for PBXNativeTarget "PhonePeTestUITests" */ = {
			isa = XCConfigurationList;
			buildConfigurations = (
				4229B96F2928831700505EDA /* Debug */,
				4229B9702928831700505EDA /* Release */,
			);
			defaultConfigurationIsVisible = 0;
			defaultConfigurationName = Release;
		};
/* End XCConfigurationList section */
	};
	rootObject = 4229B9362928831300505EDA /* Project object */;
}
